
Microsoft Visual Studio Solution File, Format Version 12.00
# Visual Studio 15
VisualStudioVersion = 15.0.27428.2043
MinimumVisualStudioVersion = 10.0.40219.1
Project("{9A19103F-16F7-4668-BE54-9A1E7A4F7556}") = "MyNotes", "MyNotes\MyNotes.csproj", "{E2B89BDD-601C-4D72-A217-BE208A7BBC40}"
EndProject
Project("{FAE04EC0-301F-11D3-BF4B-00C04F79EFBC}") = "MyNotes.Android", "MyNotes.Android\MyNotes.Android.csproj", "{3A6D7CA6-C4CE-4CF9-87F9-DA1BE8C5DACA}"
EndProject
Global
	GlobalSection(SolutionConfigurationPlatforms) = preSolution
		Ad-Hoc|Any CPU = Ad-Hoc|Any CPU
		Ad-Hoc|ARM = Ad-Hoc|ARM
		Ad-Hoc|iPhone = Ad-Hoc|iPhone
		Ad-Hoc|iPhoneSimulator = Ad-Hoc|iPhoneSimulator
		Ad-Hoc|x64 = Ad-Hoc|x64
		Ad-Hoc|x86 = Ad-Hoc|x86
		AppStore|Any CPU = AppStore|Any CPU
		AppStore|ARM = AppStore|ARM
		AppStore|iPhone = AppStore|iPhone
		AppStore|iPhoneSimulator = AppStore|iPhoneSimulator
		AppStore|x64 = AppStore|x64
		AppStore|x86 = AppStore|x86
		Debug|Any CPU = Debug|Any CPU
		Debug|ARM = Debug|ARM
		Debug|iPhone = Debug|iPhone
		Debug|iPhoneSimulator = Debug|iPhoneSimulator
		Debug|x64 = Debug|x64
		Debug|x86 = Debug|x86
		Release|Any CPU = Release|Any CPU
		Release|ARM = Release|ARM
		Release|iPhone = Release|iPhone
		Release|iPhoneSimulator = Release|iPhoneSimulator
		Release|x64 = Release|x64
		Release|x86 = Release|x86
	EndGlobalSection
	GlobalSection(ProjectConfigurationPlatforms) = postSolution
		{E2B89BDD-601C-4D72-A217-BE208A7BBC40}.Ad-Hoc|Any CPU.ActiveCfg = Debug|Any CPU
		{E2B89BDD-601C-4D72-A217-BE208A7BBC40}.Ad-Hoc|Any CPU.Build.0 = Debug|Any CPU
		{E2B89BDD-601C-4D72-A217-BE208A7BBC40}.Ad-Hoc|ARM.ActiveCfg = Debug|Any CPU
		{E2B89BDD-601C-4D72-A217-BE208A7BBC40}.Ad-Hoc|ARM.Build.0 = Debug|Any CPU
		{E2B89BDD-601C-4D72-A217-BE208A7BBC40}.Ad-Hoc|iPhone.ActiveCfg = Debug|Any CPU
		{E2B89BDD-601C-4D72-A217-BE208A7BBC40}.Ad-Hoc|iPhone.Build.0 = Debug|Any CPU
		{E2B89BDD-601C-4D72-A217-BE208A7BBC40}.Ad-Hoc|iPhoneSimulator.ActiveCfg = Debug|Any CPU
		{E2B89BDD-601C-4D72-A217-BE208A7BBC40}.Ad-Hoc|iPhoneSimulator.Build.0 = Debug|Any CPU
		{E2B89BDD-601C-4D72-A217-BE208A7BBC40}.Ad-Hoc|x64.ActiveCfg = Debug|Any CPU
		{E2B89BDD-601C-4D72-A217-BE208A7BBC40}.Ad-Hoc|x64.Build.0 = Debug|Any CPU
		{E2B89BDD-601C-4D72-A217-BE208A7BBC40}.Ad-Hoc|x86.ActiveCfg = Debug|Any CPU
		{E2B89BDD-601C-4D72-A217-BE208A7BBC40}.Ad-Hoc|x86.Build.0 = Debug|Any CPU
		{E2B89BDD-601C-4D72-A217-BE208A7BBC40}.AppStore|Any CPU.ActiveCfg = Debug|Any CPU
		{E2B89BDD-601C-4D72-A217-BE208A7BBC40}.AppStore|Any CPU.Build.0 = Debug|Any CPU
		{E2B89BDD-601C-4D72-A217-BE208A7BBC40}.AppStore|ARM.ActiveCfg = Debug|Any CPU
		{E2B89BDD-601C-4D72-A217-BE208A7BBC40}.AppStore|ARM.Build.0 = Debug|Any CPU
		{E2B89BDD-601C-4D72-A217-BE208A7BBC40}.AppStore|iPhone.ActiveCfg = Debug|Any CPU
		{E2B89BDD-601C-4D72-A217-BE208A7BBC40}.AppStore|iPhone.Build.0 = Debug|Any CPU
		{E2B89BDD-601C-4D72-A217-BE208A7BBC40}.AppStore|iPhoneSimulator.ActiveCfg = Debug|Any CPU
		{E2B89BDD-601C-4D72-A217-BE208A7BBC40}.AppStore|iPhoneSimulator.Build.0 = Debug|Any CPU
		{E2B89BDD-601C-4D72-A217-BE208A7BBC40}.AppStore|x64.ActiveCfg = Debug|Any CPU
		{E2B89BDD-601C-4D72-A217-BE208A7BBC40}.AppStore|x64.Build.0 = Debug|Any CPU
		{E2B89BDD-601C-4D72-A217-BE208A7BBC40}.AppStore|x86.ActiveCfg = Debug|Any CPU
		{E2B89BDD-601C-4D72-A217-BE208A7BBC40}.AppStore|x86.Build.0 = Debug|Any CPU
		{E2B89BDD-601C-4D72-A217-BE208A7BBC40}.Debug|Any CPU.ActiveCfg = Debug|Any CPU
		{E2B89BDD-601C-4D72-A217-BE208A7BBC40}.Debug|Any CPU.Build.0 = Debug|Any CPU
		{E2B89BDD-601C-4D72-A217-BE208A7BBC40}.Debug|ARM.ActiveCfg = Debug|Any CPU
		{E2B89BDD-601C-4D72-A217-BE208A7BBC40}.Debug|ARM.Build.0 = Debug|Any CPU
		{E2B89BDD-601C-4D72-A217-BE208A7BBC40}.Debug|iPhone.ActiveCfg = Debug|Any CPU
		{E2B89BDD-601C-4D72-A217-BE208A7BBC40}.Debug|iPhone.Build.0 = Debug|Any CPU
		{E2B89BDD-601C-4D72-A217-BE208A7BBC40}.Debug|iPhoneSimulator.ActiveCfg = Debug|Any CPU
		{E2B89BDD-601C-4D72-A217-BE208A7BBC40}.Debug|iPhoneSimulator.Build.0 = Debug|Any CPU
		{E2B89BDD-601C-4D72-A217-BE208A7BBC40}.Debug|x64.ActiveCfg = Debug|Any CPU
		{E2B89BDD-601C-4D72-A217-BE208A7BBC40}.Debug|x64.Build.0 = Debug|Any CPU
		{E2B89BDD-601C-4D72-A217-BE208A7BBC40}.Debug|x86.ActiveCfg = Debug|Any CPU
		{E2B89BDD-601C-4D72-A217-BE208A7BBC40}.Debug|x86.Build.0 = Debug|Any CPU
		{E2B89BDD-601C-4D72-A217-BE208A7BBC40}.Release|Any CPU.ActiveCfg = Release|Any CPU
		{E2B89BDD-601C-4D72-A217-BE208A7BBC40}.Release|Any CPU.Build.0 = Release|Any CPU
		{E2B89BDD-601C-4D72-A217-BE208A7BBC40}.Release|ARM.ActiveCfg = Release|Any CPU
		{E2B89BDD-601C-4D72-A217-BE208A7BBC40}.Release|ARM.Build.0 = Release|Any CPU
		{E2B89BDD-601C-4D72-A217-BE208A7BBC40}.Release|iPhone.ActiveCfg = Release|Any CPU
		{E2B89BDD-601C-4D72-A217-BE208A7BBC40}.Release|iPhone.Build.0 = Release|Any CPU
		{E2B89BDD-601C-4D72-A217-BE208A7BBC40}.Release|iPhoneSimulator.ActiveCfg = Release|Any CPU
		{E2B89BDD-601C-4D72-A217-BE208A7BBC40}.Release|iPhoneSimulator.Build.0 = Release|Any CPU
		{E2B89BDD-601C-4D72-A217-BE208A7BBC40}.Release|x64.ActiveCfg = Release|Any CPU
		{E2B89BDD-601C-4D72-A217-BE208A7BBC40}.Release|x64.Build.0 = Release|Any CPU
		{E2B89BDD-601C-4D72-A217-BE208A7BBC40}.Release|x86.ActiveCfg = Release|Any CPU
		{E2B89BDD-601C-4D72-A217-BE208A7BBC40}.Release|x86.Build.0 = Release|Any CPU
		{3A6D7CA6-C4CE-4CF9-87F9-DA1BE8C5DACA}.Ad-Hoc|Any CPU.ActiveCfg = Release|Any CPU
		{3A6D7CA6-C4CE-4CF9-87F9-DA1BE8C5DACA}.Ad-Hoc|Any CPU.Build.0 = Release|Any CPU
		{3A6D7CA6-C4CE-4CF9-87F9-DA1BE8C5DACA}.Ad-Hoc|Any CPU.Deploy.0 = Release|Any CPU
		{3A6D7CA6-C4CE-4CF9-87F9-DA1BE8C5DACA}.Ad-Hoc|ARM.ActiveCfg = Release|Any CPU
		{3A6D7CA6-C4CE-4CF9-87F9-DA1BE8C5DACA}.Ad-Hoc|ARM.Build.0 = Release|Any CPU
		{3A6D7CA6-C4CE-4CF9-87F9-DA1BE8C5DACA}.Ad-Hoc|ARM.Deploy.0 = Release|Any CPU
		{3A6D7CA6-C4CE-4CF9-87F9-DA1BE8C5DACA}.Ad-Hoc|iPhone.ActiveCfg = Release|Any CPU
		{3A6D7CA6-C4CE-4CF9-87F9-DA1BE8C5DACA}.Ad-Hoc|iPhone.Build.0 = Release|Any CPU
		{3A6D7CA6-C4CE-4CF9-87F9-DA1BE8C5DACA}.Ad-Hoc|iPhone.Deploy.0 = Release|Any CPU
		{3A6D7CA6-C4CE-4CF9-87F9-DA1BE8C5DACA}.Ad-Hoc|iPhoneSimulator.ActiveCfg = Release|Any CPU
		{3A6D7CA6-C4CE-4CF9-87F9-DA1BE8C5DACA}.Ad-Hoc|iPhoneSimulator.Build.0 = Release|Any CPU
		{3A6D7CA6-C4CE-4CF9-87F9-DA1BE8C5DACA}.Ad-Hoc|iPhoneSimulator.Deploy.0 = Release|Any CPU
		{3A6D7CA6-C4CE-4CF9-87F9-DA1BE8C5DACA}.Ad-Hoc|x64.ActiveCfg = Release|Any CPU
		{3A6D7CA6-C4CE-4CF9-87F9-DA1BE8C5DACA}.Ad-Hoc|x64.Build.0 = Release|Any CPU
		{3A6D7CA6-C4CE-4CF9-87F9-DA1BE8C5DACA}.Ad-Hoc|x64.Deploy.0 = Release|Any CPU
		{3A6D7CA6-C4CE-4CF9-87F9-DA1BE8C5DACA}.Ad-Hoc|x86.ActiveCfg = Release|Any CPU
		{3A6D7CA6-C4CE-4CF9-87F9-DA1BE8C5DACA}.Ad-Hoc|x86.Build.0 = Release|Any CPU
		{3A6D7CA6-C4CE-4CF9-87F9-DA1BE8C5DACA}.Ad-Hoc|x86.Deploy.0 = Release|Any CPU
		{3A6D7CA6-C4CE-4CF9-87F9-DA1BE8C5DACA}.AppStore|Any CPU.ActiveCfg = Release|Any CPU
		{3A6D7CA6-C4CE-4CF9-87F9-DA1BE8C5DACA}.AppStore|Any CPU.Build.0 = Release|Any CPU
		{3A6D7CA6-C4CE-4CF9-87F9-DA1BE8C5DACA}.AppStore|Any CPU.Deploy.0 = Release|Any CPU
		{3A6D7CA6-C4CE-4CF9-87F9-DA1BE8C5DACA}.AppStore|ARM.ActiveCfg = Release|Any CPU
		{3A6D7CA6-C4CE-4CF9-87F9-DA1BE8C5DACA}.AppStore|ARM.Build.0 = Release|Any CPU
		{3A6D7CA6-C4CE-4CF9-87F9-DA1BE8C5DACA}.AppStore|ARM.Deploy.0 = Release|Any CPU
		{3A6D7CA6-C4CE-4CF9-87F9-DA1BE8C5DACA}.AppStore|iPhone.ActiveCfg = Release|Any CPU
		{3A6D7CA6-C4CE-4CF9-87F9-DA1BE8C5DACA}.AppStore|iPhone.Build.0 = Release|Any CPU
		{3A6D7CA6-C4CE-4CF9-87F9-DA1BE8C5DACA}.AppStore|iPhone.Deploy.0 = Release|Any CPU
		{3A6D7CA6-C4CE-4CF9-87F9-DA1BE8C5DACA}.AppStore|iPhoneSimulator.ActiveCfg = Release|Any CPU
		{3A6D7CA6-C4CE-4CF9-87F9-DA1BE8C5DACA}.AppStore|iPhoneSimulator.Build.0 = Release|Any CPU
		{3A6D7CA6-C4CE-4CF9-87F9-DA1BE8C5DACA}.AppStore|iPhoneSimulator.Deploy.0 = Release|Any CPU
		{3A6D7CA6-C4CE-4CF9-87F9-DA1BE8C5DACA}.AppStore|x64.ActiveCfg = Release|Any CPU
		{3A6D7CA6-C4CE-4CF9-87F9-DA1BE8C5DACA}.AppStore|x64.Build.0 = Release|Any CPU
		{3A6D7CA6-C4CE-4CF9-87F9-DA1BE8C5DACA}.AppStore|x64.Deploy.0 = Release|Any CPU
		{3A6D7CA6-C4CE-4CF9-87F9-DA1BE8C5DACA}.AppStore|x86.ActiveCfg = Release|Any CPU
		{3A6D7CA6-C4CE-4CF9-87F9-DA1BE8C5DACA}.AppStore|x86.Build.0 = Release|Any CPU
		{3A6D7CA6-C4CE-4CF9-87F9-DA1BE8C5DACA}.AppStore|x86.Deploy.0 = Release|Any CPU
		{3A6D7CA6-C4CE-4CF9-87F9-DA1BE8C5DACA}.Debug|Any CPU.ActiveCfg = Debug|Any CPU
		{3A6D7CA6-C4CE-4CF9-87F9-DA1BE8C5DACA}.Debug|Any CPU.Build.0 = Debug|Any CPU
		{3A6D7CA6-C4CE-4CF9-87F9-DA1BE8C5DACA}.Debug|Any CPU.Deploy.0 = Debug|Any CPU
		{3A6D7CA6-C4CE-4CF9-87F9-DA1BE8C5DACA}.Debug|ARM.ActiveCfg = Debug|Any CPU
		{3A6D7CA6-C4CE-4CF9-87F9-DA1BE8C5DACA}.Debug|ARM.Build.0 = Debug|Any CPU
		{3A6D7CA6-C4CE-4CF9-87F9-DA1BE8C5DACA}.Debug|ARM.Deploy.0 = Debug|Any CPU
		{3A6D7CA6-C4CE-4CF9-87F9-DA1BE8C5DACA}.Debug|iPhone.ActiveCfg = Debug|Any CPU
		{3A6D7CA6-C4CE-4CF9-87F9-DA1BE8C5DACA}.Debug|iPhone.Build.0 = Debug|Any CPU
		{3A6D7CA6-C4CE-4CF9-87F9-DA1BE8C5DACA}.Debug|iPhone.Deploy.0 = Debug|Any CPU
		{3A6D7CA6-C4CE-4CF9-87F9-DA1BE8C5DACA}.Debug|iPhoneSimulator.ActiveCfg = Debug|Any CPU
		{3A6D7CA6-C4CE-4CF9-87F9-DA1BE8C5DACA}.Debug|iPhoneSimulator.Build.0 = Debug|Any CPU
		{3A6D7CA6-C4CE-4CF9-87F9-DA1BE8C5DACA}.Debug|iPhoneSimulator.Deploy.0 = Debug|Any CPU
		{3A6D7CA6-C4CE-4CF9-87F9-DA1BE8C5DACA}.Debug|x64.ActiveCfg = Debug|Any CPU
		{3A6D7CA6-C4CE-4CF9-87F9-DA1BE8C5DACA}.Debug|x64.Build.0 = Debug|Any CPU
		{3A6D7CA6-C4CE-4CF9-87F9-DA1BE8C5DACA}.Debug|x64.Deploy.0 = Debug|Any CPU
		{3A6D7CA6-C4CE-4CF9-87F9-DA1BE8C5DACA}.Debug|x86.ActiveCfg = Debug|Any CPU
		{3A6D7CA6-C4CE-4CF9-87F9-DA1BE8C5DACA}.Debug|x86.Build.0 = Debug|Any CPU
		{3A6D7CA6-C4CE-4CF9-87F9-DA1BE8C5DACA}.Debug|x86.Deploy.0 = Debug|Any CPU
		{3A6D7CA6-C4CE-4CF9-87F9-DA1BE8C5DACA}.Release|Any CPU.ActiveCfg = Release|Any CPU
		{3A6D7CA6-C4CE-4CF9-87F9-DA1BE8C5DACA}.Release|Any CPU.Build.0 = Release|Any CPU
		{3A6D7CA6-C4CE-4CF9-87F9-DA1BE8C5DACA}.Release|Any CPU.Deploy.0 = Release|Any CPU
		{3A6D7CA6-C4CE-4CF9-87F9-DA1BE8C5DACA}.Release|ARM.ActiveCfg = Release|Any CPU
		{3A6D7CA6-C4CE-4CF9-87F9-DA1BE8C5DACA}.Release|ARM.Build.0 = Release|Any CPU
		{3A6D7CA6-C4CE-4CF9-87F9-DA1BE8C5DACA}.Release|ARM.Deploy.0 = Release|Any CPU
		{3A6D7CA6-C4CE-4CF9-87F9-DA1BE8C5DACA}.Release|iPhone.ActiveCfg = Release|Any CPU
		{3A6D7CA6-C4CE-4CF9-87F9-DA1BE8C5DACA}.Release|iPhone.Build.0 = Release|Any CPU
		{3A6D7CA6-C4CE-4CF9-87F9-DA1BE8C5DACA}.Release|iPhone.Deploy.0 = Release|Any CPU
		{3A6D7CA6-C4CE-4CF9-87F9-DA1BE8C5DACA}.Release|iPhoneSimulator.ActiveCfg = Release|Any CPU
		{3A6D7CA6-C4CE-4CF9-87F9-DA1BE8C5DACA}.Release|iPhoneSimulator.Build.0 = Release|Any CPU
		{3A6D7CA6-C4CE-4CF9-87F9-DA1BE8C5DACA}.Release|iPhoneSimulator.Deploy.0 = Release|Any CPU
		{3A6D7CA6-C4CE-4CF9-87F9-DA1BE8C5DACA}.Release|x64.ActiveCfg = Release|Any CPU
		{3A6D7CA6-C4CE-4CF9-87F9-DA1BE8C5DACA}.Release|x64.Build.0 = Release|Any CPU
		{3A6D7CA6-C4CE-4CF9-87F9-DA1BE8C5DACA}.Release|x64.Deploy.0 = Release|Any CPU
		{3A6D7CA6-C4CE-4CF9-87F9-DA1BE8C5DACA}.Release|x86.ActiveCfg = Release|Any CPU
		{3A6D7CA6-C4CE-4CF9-87F9-DA1BE8C5DACA}.Release|x86.Build.0 = Release|Any CPU
		{3A6D7CA6-C4CE-4CF9-87F9-DA1BE8C5DACA}.Release|x86.Deploy.0 = Release|Any CPU
	EndGlobalSection
	GlobalSection(SolutionProperties) = preSolution
		HideSolutionNode = FALSE
	EndGlobalSection
	GlobalSection(ExtensibilityGlobals) = postSolution
		SolutionGuid = {B7B56301-0087-4D36-B7EB-11338B980637}
	EndGlobalSection
EndGlobal
